
Microsoft Visual Studio Solution File, Format Version 12.00
# Visual Studio Version 17
VisualStudioVersion = 17.2.32526.322
MinimumVisualStudioVersion = 10.0.40219.1
Project("{FAE04EC0-301F-11D3-BF4B-00C04F79EFBC}") = "WPFLoginScreen", "WPFLoginScreen\WPFLoginScreen.csproj", "{1FA4E756-E83A-454D-9FFC-A3F4734C35B0}"
EndProject
Project("{00D1A9C2-B5F0-4AF3-8072-F6C62B433612}") = "DataBaseALAPp", "DataBaseALAPp\DataBaseALAPp.sqlproj", "{EF0C9B2F-8BA9-4AC1-9F71-B2884D8079AC}"
EndProject
Global
	GlobalSection(SolutionConfigurationPlatforms) = preSolution
		Debug|Any CPU = Debug|Any CPU
		Release|Any CPU = Release|Any CPU
	EndGlobalSection
	GlobalSection(ProjectConfigurationPlatforms) = postSolution
		{1FA4E756-E83A-454D-9FFC-A3F4734C35B0}.Debug|Any CPU.ActiveCfg = Debug|Any CPU
		{1FA4E756-E83A-454D-9FFC-A3F4734C35B0}.Debug|Any CPU.Build.0 = Debug|Any CPU
		{1FA4E756-E83A-454D-9FFC-A3F4734C35B0}.Release|Any CPU.ActiveCfg = Release|Any CPU
		{1FA4E756-E83A-454D-9FFC-A3F4734C35B0}.Release|Any CPU.Build.0 = Release|Any CPU
		{EF0C9B2F-8BA9-4AC1-9F71-B2884D8079AC}.Debug|Any CPU.ActiveCfg = Debug|Any CPU
		{EF0C9B2F-8BA9-4AC1-9F71-B2884D8079AC}.Debug|Any CPU.Build.0 = Debug|Any CPU
		{EF0C9B2F-8BA9-4AC1-9F71-B2884D8079AC}.Debug|Any CPU.Deploy.0 = Debug|Any CPU
		{EF0C9B2F-8BA9-4AC1-9F71-B2884D8079AC}.Release|Any CPU.ActiveCfg = Release|Any CPU
		{EF0C9B2F-8BA9-4AC1-9F71-B2884D8079AC}.Release|Any CPU.Build.0 = Release|Any CPU
		{EF0C9B2F-8BA9-4AC1-9F71-B2884D8079AC}.Release|Any CPU.Deploy.0 = Release|Any CPU
	EndGlobalSection
	GlobalSection(SolutionProperties) = preSolution
		HideSolutionNode = FALSE
	EndGlobalSection
	GlobalSection(ExtensibilityGlobals) = postSolution
		SolutionGuid = {F9CC3CDF-DF9D-4DDE-A89F-4B70FFC3B5F1}
	EndGlobalSection
EndGlobal
